{
  "originHash" : "120d11f91e99b9b8402b01a87446705e7fdac79b4372b35a91eefeb1bde201c8",
  "pins" : [
    {
      "identity" : "swift-crypto",
      "kind" : "remoteSourceControl",
      "location" : "https://github.com/apple/swift-crypto.git",
      "state" : {
        "revision" : "46072478ca365fe48370993833cb22de9b41567f",
        "version" : "3.5.2"
      }
    },
    {
      "identity" : "swxmlhash",
      "kind" : "remoteSourceControl",
      "location" : "https://github.com/drmohundro/SWXMLHash.git",
      "state" : {
        "revision" : "a853604c9e9a83ad9954c7e3d2a565273982471f",
        "version" : "7.0.2"
      }
    }
  ],
  "version" : 3
}
